Microsoft Visual Studio Solution File, Format Version 12.00
# Visual Studio Version 17
VisualStudioVersion = 17.5.2.0
MinimumVisualStudioVersion = 10.0.40219.1
Project("{FAE04EC0-301F-11D3-BF4B-00C04F79EFBC}") = "MiCrud", "MiCrud.csproj", "{46A77B57-9DC3-AD0F-2629-5E77FACD12BF}"
EndProject
Global
	GlobalSection(SolutionConfigurationPlatforms) = preSolution
		Debug|Any CPU = Debug|Any CPU
		Release|Any CPU = Release|Any CPU
	EndGlobalSection
	GlobalSection(ProjectConfigurationPlatforms) = postSolution
		{46A77B57-9DC3-AD0F-2629-5E77FACD12BF}.Debug|Any CPU.ActiveCfg = Debug|Any CPU
		{46A77B57-9DC3-AD0F-2629-5E77FACD12BF}.Debug|Any CPU.Build.0 = Debug|Any CPU
		{46A77B57-9DC3-AD0F-2629-5E77FACD12BF}.Release|Any CPU.ActiveCfg = Release|Any CPU
		{46A77B57-9DC3-AD0F-2629-5E77FACD12BF}.Release|Any CPU.Build.0 = Release|Any CPU
	EndGlobalSection
	GlobalSection(SolutionProperties) = preSolution
		HideSolutionNode = FALSE
	EndGlobalSection
	GlobalSection(ExtensibilityGlobals) = postSolution
		SolutionGuid = {4A0E317F-B810-4960-AE02-9509B491319E}
	EndGlobalSection
EndGlobal
